dependencies:
- name: redis
  repository: oci://ghcr.io/cloudpirates-io/helm-charts
  version: 0.17.3
- name: postgres
  repository: oci://ghcr.io/cloudpirates-io/helm-charts
  version: 0.13.4
- name: postgres
  repository: oci://ghcr.io/cloudpirates-io/helm-charts
  version: 0.13.4
digest: sha256:ba91151c2c70a648ce93dc8d29f1a6442c1774cf7d6f251a2a969a150d9262d9
generated: "2025-12-12T14:13:05.55371342Z"
